{
  "name": "@ppzp/resh-alifc",
  "version": "0.0.0",
  "lockfileVersion": 1,
  "requires": true,
  "dependencies": {
    "@ppzp/http-router": {
      "version": "0.1.3",
      "resolved": "https://registry.npmjs.org/@ppzp/http-router/-/http-router-0.1.3.tgz",
      "integrity": "sha512-LrOYCKMFjBK0hwO0qYtJRkpju3rwzZjict/puk2jIrs4oAGgw/68khMuFpGXazM/wQ/kKHn/DCegr3E3E1Tidw==",
      "requires": {
        "@ppzp/sandwich": "0.0.3"
      }
    },
    "@ppzp/sandwich": {
      "version": "0.0.3",
      "resolved": "https://registry.npmjs.org/@ppzp/sandwich/-/sandwich-0.0.3.tgz",
      "integrity": "sha512-CB2LsobuQ5Qf6btYKPE5NIlrPs3xmw7A8R9+R/oMAMiRCX0wRgmTHuLgqx3AtnqMckNW01JvD/y9gWmFxAxj8Q=="
    },
    "@ppzp/utils": {
      "version": "0.0.0",
      "resolved": "https://registry.npmjs.org/@ppzp/utils/-/utils-0.0.0.tgz",
      "integrity": "sha512-dY8SFnBTFiPgwo0h4LNnI+egi1J15In505eJuGSjpuEM6+iF9xfQ4At25+dOojGoM8FMhheyzvzcxYoJh64hmA=="
    }
  }
}
