{
  "name": "@ppzp/resh-alifc",
  "version": "0.0.0",
  "lockfileVersion": 1,
  "requires": true,
  "dependencies": {
    "@ppzp/http-router": {
      "version": "0.1.1",
      "resolved": "https://registry.npmjs.org/@ppzp/http-router/-/http-router-0.1.1.tgz",
      "integrity": "sha512-MMdUg+4FOjzxWzMloE0t7SxlNl+nYwHcsehOscmPG71UlLDMHOkvq0rPb7KWF+uoeHBbw6ZrDInKzxyXTeuFZg==",
      "requires": {
        "@ppzp/sandwich": "0.0.3",
        "lodash": ">=4.0.0"
      }
    },
    "@ppzp/sandwich": {
      "version": "0.0.3",
      "resolved": "https://registry.npmjs.org/@ppzp/sandwich/-/sandwich-0.0.3.tgz",
      "integrity": "sha512-CB2LsobuQ5Qf6btYKPE5NIlrPs3xmw7A8R9+R/oMAMiRCX0wRgmTHuLgqx3AtnqMckNW01JvD/y9gWmFxAxj8Q=="
    },
    "lodash": {
      "version": "4.17.21",
      "resolved": "https://registry.npmjs.org/lodash/-/lodash-4.17.21.tgz",
      "integrity": "sha512-v2kDEe57lecTulaDIuNTPy3Ry4gLGJ6Z1O3vE1krgXZNrsQ+LFTGHVxVjcXPs17LhbZVGedAJv8XZ1tvj5FvSg=="
    }
  }
}
