{
  "requires": true,
  "lockfileVersion": 1,
  "dependencies": {
    "@ppzp/http-router": {
      "version": "0.1.1",
      "resolved": "https://registry.npmmirror.com/@ppzp/http-router/download/@ppzp/http-router-0.1.1.tgz",
      "integrity": "sha512-MMdUg+4FOjzxWzMloE0t7SxlNl+nYwHcsehOscmPG71UlLDMHOkvq0rPb7KWF+uoeHBbw6ZrDInKzxyXTeuFZg==",
      "requires": {
        "@ppzp/sandwich": "0.0.3",
        "lodash": ">=4.0.0"
      }
    },
    "@ppzp/resh-alifc": {
      "version": "file:../ppzp-resh-alifc-0.0.0.tgz",
      "integrity": "sha512-xT/dEuHtzT1DJBlYekToJXaXxoilVzV8E4I7vdMhju8v1xUdDQ9fL3ZtuSBoNrKU3AnRwpnzk69R2lfrwmLpcA==",
      "requires": {
        "@ppzp/http-router": "^0.1.1",
        "@ppzp/utils": "file:../../utils.js/ppzp-utils-0.0.0.tgz"
      }
    },
    "@ppzp/sandwich": {
      "version": "0.0.3",
      "resolved": "https://registry.npmmirror.com/@ppzp/sandwich/download/@ppzp/sandwich-0.0.3.tgz",
      "integrity": "sha512-CB2LsobuQ5Qf6btYKPE5NIlrPs3xmw7A8R9+R/oMAMiRCX0wRgmTHuLgqx3AtnqMckNW01JvD/y9gWmFxAxj8Q=="
    },
    "@ppzp/utils": {
      "version": "file:../../utils.js/ppzp-utils-0.0.0.tgz",
      "integrity": "sha512-DvbQClLprwnW8crKPmWumyIR4FLdZ6Yi+3ud+nnt9+Biu0SFx2yfsreiNEEIsWbfGN5H3oNaiL1l81HpMZpb7Q=="
    },
    "lodash": {
      "version": "4.17.21",
      "resolved": "https://registry.nlark.com/lodash/download/lodash-4.17.21.tgz",
      "integrity": "sha1-Z5WRxWTDv/quhFTPCz3zcMPWkRw="
    }
  }
}
